
Microsoft Visual Studio Solution File, Format Version 12.00
# Visual Studio 15
VisualStudioVersion = 15.0.27703.2026
MinimumVisualStudioVersion = 10.0.40219.1
Project("{FAE04EC0-301F-11D3-BF4B-00C04F79EFBC}") = "WpfTwitter", "WpfTwitter\WpfTwitter.csproj", "{45EF1C64-E515-4A53-8B7A-1A848827AF33}"
EndProject
Project("{FAE04EC0-301F-11D3-BF4B-00C04F79EFBC}") = "Client", "Client\Client.csproj", "{F14C71E1-9241-4571-9265-A1A92F60EA71}"
EndProject
Global
	GlobalSection(SolutionConfigurationPlatforms) = preSolution
		Debug|Any CPU = Debug|Any CPU
		Release|Any CPU = Release|Any CPU
	EndGlobalSection
	GlobalSection(ProjectConfigurationPlatforms) = postSolution
		{45EF1C64-E515-4A53-8B7A-1A848827AF33}.Debug|Any CPU.ActiveCfg = Debug|Any CPU
		{45EF1C64-E515-4A53-8B7A-1A848827AF33}.Debug|Any CPU.Build.0 = Debug|Any CPU
		{45EF1C64-E515-4A53-8B7A-1A848827AF33}.Release|Any CPU.ActiveCfg = Release|Any CPU
		{45EF1C64-E515-4A53-8B7A-1A848827AF33}.Release|Any CPU.Build.0 = Release|Any CPU
		{F14C71E1-9241-4571-9265-A1A92F60EA71}.Debug|Any CPU.ActiveCfg = Debug|Any CPU
		{F14C71E1-9241-4571-9265-A1A92F60EA71}.Debug|Any CPU.Build.0 = Debug|Any CPU
		{F14C71E1-9241-4571-9265-A1A92F60EA71}.Release|Any CPU.ActiveCfg = Release|Any CPU
		{F14C71E1-9241-4571-9265-A1A92F60EA71}.Release|Any CPU.Build.0 = Release|Any CPU
	EndGlobalSection
	GlobalSection(SolutionProperties) = preSolution
		HideSolutionNode = FALSE
	EndGlobalSection
	GlobalSection(ExtensibilityGlobals) = postSolution
		SolutionGuid = {BFEF130E-E3D4-425E-8032-F7DD938FFCE9}
	EndGlobalSection
EndGlobal
